// !$*UTF8*$!
{
	archiveVersion = 1;
	classes = {
	};
	objectVersion = 77;
	objects = {

/* Begin PBXContainerItemProxy section */
		4F3426B32D5F797A00A26859 /* PBXContainerItemProxy */ = {
			isa = PBXContainerItemProxy;
			containerPortal = 4F3426952D5F797900A26859 /* Project object */;
			proxyType = 1;
			remoteGlobalIDString = 4F34269C2D5F797900A26859;
			remoteInfo = AdvancedToDoApp;
		};
		4F3426BD2D5F797A00A26859 /* PBXContainerItemProxy */ = {
			isa = PBXContainerItemProxy;
			containerPortal = 4F3426952D5F797900A26859 /* Project object */;
			proxyType = 1;
			remoteGlobalIDString = 4F34269C2D5F797900A26859;
			remoteInfo = AdvancedToDoApp;
		};
/* End PBXContainerItemProxy section */

/* Begin PBXFileReference section */
		4F34269D2D5F797900A26859 /* AdvancedToDoApp.app */ = {isa = PBXFileReference; explicitFileType = wrapper.application; includeInIndex = 0; path = AdvancedToDoApp.app; sourceTree = BUILT_PRODUCTS_DIR; };
		4F3426B22D5F797A00A26859 /* AdvancedToDoAppTests.xctest */ = {isa = PBXFileReference; explicitFileType = wrapper.cfbundle; includeInIndex = 0; path = AdvancedToDoAppTests.xctest; sourceTree = BUILT_PRODUCTS_DIR; };
		4F3426BC2D5F797A00A26859 /* AdvancedToDoAppUITests.xctest */ = {isa = PBXFileReference; explicitFileType = wrapper.cfbundle; includeInIndex = 0; path = AdvancedToDoAppUITests.xctest; sourceTree = BUILT_PRODUCTS_DIR; };
/* End PBXFileReference section */

/* Begin PBXFileSystemSynchronizedBuildFileExceptionSet section */
		4F59DA7C2D999E7200FF1684 /* Exceptions for "AdvancedToDoApp" folder in "AdvancedToDoApp" target */ = {
			isa = PBXFileSystemSynchronizedBuildFileExceptionSet;
			membershipExceptions = (
				Info.plist,
			);
			target = 4F34269C2D5F797900A26859 /* AdvancedToDoApp */;
		};
/* End PBXFileSystemSynchronizedBuildFileExceptionSet section */

/* Begin PBXFileSystemSynchronizedRootGroup section */
		4F34269F2D5F797900A26859 /* AdvancedToDoApp */ = {
			isa = PBXFileSystemSynchronizedRootGroup;
			exceptions = (
				4F59DA7C2D999E7200FF1684 /* Exceptions for "AdvancedToDoApp" folder in "AdvancedToDoApp" target */,
			);
			path = AdvancedToDoApp;
			sourceTree = "<group>";
		};
		4F3426B52D5F797A00A26859 /* AdvancedToDoAppTests */ = {
			isa = PBXFileSystemSynchronizedRootGroup;
			path = AdvancedToDoAppTests;
			sourceTree = "<group>";
		};
		4F3426BF2D5F797A00A26859 /* AdvancedToDoAppUITests */ = {
			isa = PBXFileSystemSynchronizedRootGroup;
			path = AdvancedToDoAppUITests;
			sourceTree = "<group>";
		};
/* End PBXFileSystemSynchronizedRootGroup section */

/* Begin PBXFrameworksBuildPhase section */
		4F34269A2D5F797900A26859 /* Frameworks */ = {
			isa = PBXFrameworksBuildPhase;
			buildActionMask = 2147483647;
			files = (
			);
			runOnlyForDeploymentPostprocessing = 0;
		};
		4F3426AF2D5F797A00A26859 /* Frameworks */ = {
			isa = PBXFrameworksBuildPhase;
			buildActionMask = 2147483647;
			files = (
			);
			runOnlyForDeploymentPostprocessing = 0;
		};
		4F3426B92D5F797A00A26859 /* Frameworks */ = {
			isa = PBXFrameworksBuildPhase;
			buildActionMask = 2147483647;
			files = (
			);
			runOnlyForDeploymentPostprocessing = 0;
		};
/* End PBXFrameworksBuildPhase section */

/* Begin PBXGroup section */
		4F3426942D5F797900A26859 = {
			isa = PBXGroup;
			children = (
				4F34269F2D5F797900A26859 /* AdvancedToDoApp */,
				4F3426B52D5F797A00A26859 /* AdvancedToDoAppTests */,
				4F3426BF2D5F797A00A26859 /* AdvancedToDoAppUITests */,
				4F34269E2D5F797900A26859 /* Products */,
			);
			sourceTree = "<group>";
		};
		4F34269E2D5F797900A26859 /* Products */ = {
			isa = PBXGroup;
			children = (
				4F34269D2D5F797900A26859 /* AdvancedToDoApp.app */,
				4F3426B22D5F797A00A26859 /* AdvancedToDoAppTests.xctest */,
				4F3426BC2D5F797A00A26859 /* AdvancedToDoAppUITests.xctest */,
			);
			name = Products;
			sourceTree = "<group>";
		};
/* End PBXGroup section */

/* Begin PBXNativeTarget section */
		4F34269C2D5F797900A26859 /* AdvancedToDoApp */ = {
			isa = PBXNativeTarget;
			buildConfigurationList = 4F3426C62D5F797A00A26859 /* Build configuration list for PBXNativeTarget "AdvancedToDoApp" */;
			buildPhases = (
				4F3426992D5F797900A26859 /* Sources */,
				4F34269A2D5F797900A26859 /* Frameworks */,
				4F34269B2D5F797900A26859 /* Resources */,
			);
			buildRules = (
			);
			dependencies = (
			);
			fileSystemSynchronizedGroups = (
				4F34269F2D5F797900A26859 /* AdvancedToDoApp */,
			);
			name = AdvancedToDoApp;
			packageProductDependencies = (
			);
			productName = AdvancedToDoApp;
			productReference = 4F34269D2D5F797900A26859 /* AdvancedToDoApp.app */;
			productType = "com.apple.product-type.application";
		};
		4F3426B12D5F797A00A26859 /* AdvancedToDoAppTests */ = {
			isa = PBXNativeTarget;
			buildConfigurationList = 4F3426C92D5F797A00A26859 /* Build configuration list for PBXNativeTarget "AdvancedToDoAppTests" */;
			buildPhases = (
				4F3426AE2D5F797A00A26859 /* Sources */,
				4F3426AF2D5F797A00A26859 /* Frameworks */,
				4F3426B02D5F797A00A26859 /* Resources */,
			);
			buildRules = (
			);
			dependencies = (
				4F3426B42D5F797A00A26859 /* PBXTargetDependency */,
			);
			fileSystemSynchronizedGroups = (
				4F3426B52D5F797A00A26859 /* AdvancedToDoAppTests */,
			);
			name = AdvancedToDoAppTests;
			packageProductDependencies = (
			);
			productName = AdvancedToDoAppTests;
			productReference = 4F3426B22D5F797A00A26859 /* AdvancedToDoAppTests.xctest */;
			productType = "com.apple.product-type.bundle.unit-test";
		};
		4F3426BB2D5F797A00A26859 /* AdvancedToDoAppUITests */ = {
			isa = PBXNativeTarget;
			buildConfigurationList = 4F3426CC2D5F797A00A26859 /* Build configuration list for PBXNativeTarget "AdvancedToDoAppUITests" */;
			buildPhases = (
				4F3426B82D5F797A00A26859 /* Sources */,
				4F3426B92D5F797A00A26859 /* Frameworks */,
				4F3426BA2D5F797A00A26859 /* Resources */,
			);
			buildRules = (
			);
			dependencies = (
				4F3426BE2D5F797A00A26859 /* PBXTargetDependency */,
			);
			fileSystemSynchronizedGroups = (
				4F3426BF2D5F797A00A26859 /* AdvancedToDoAppUITests */,
			);
			name = AdvancedToDoAppUITests;
			packageProductDependencies = (
			);
			productName = AdvancedToDoAppUITests;
			productReference = 4F3426BC2D5F797A00A26859 /* AdvancedToDoAppUITests.xctest */;
			productType = "com.apple.product-type.bundle.ui-testing";
		};
/* End PBXNativeTarget section */

/* Begin PBXProject section */
		4F3426952D5F797900A26859 /* Project object */ = {
			isa = PBXProject;
			attributes = {
				BuildIndependentTargetsInParallel = 1;
				LastSwiftUpdateCheck = 1620;
				LastUpgradeCheck = 1620;
				TargetAttributes = {
					4F34269C2D5F797900A26859 = {
						CreatedOnToolsVersion = 16.2;
					};
					4F3426B12D5F797A00A26859 = {
						CreatedOnToolsVersion = 16.2;
						TestTargetID = 4F34269C2D5F797900A26859;
					};
					4F3426BB2D5F797A00A26859 = {
						CreatedOnToolsVersion = 16.2;
						TestTargetID = 4F34269C2D5F797900A26859;
					};
				};
			};
			buildConfigurationList = 4F3426982D5F797900A26859 /* Build configuration list for PBXProject "AdvancedToDoApp" */;
			developmentRegion = en;
			hasScannedForEncodings = 0;
			knownRegions = (
				en,
				Base,
			);
			mainGroup = 4F3426942D5F797900A26859;
			minimizedProjectReferenceProxies = 1;
			preferredProjectObjectVersion = 77;
			productRefGroup = 4F34269E2D5F797900A26859 /* Products */;
			projectDirPath = "";
			projectRoot = "";
			targets = (
				4F34269C2D5F797900A26859 /* AdvancedToDoApp */,
				4F3426B12D5F797A00A26859 /* AdvancedToDoAppTests */,
				4F3426BB2D5F797A00A26859 /* AdvancedToDoAppUITests */,
			);
		};
/* End PBXProject section */

/* Begin PBXResourcesBuildPhase section */
		4F34269B2D5F797900A26859 /* Resources */ = {
			isa = PBXResourcesBuildPhase;
			buildActionMask = 2147483647;
			files = (
			);
			runOnlyForDeploymentPostprocessing = 0;
		};
		4F3426B02D5F797A00A26859 /* Resources */ = {
			isa = PBXResourcesBuildPhase;
			buildActionMask = 2147483647;
			files = (
			);
			runOnlyForDeploymentPostprocessing = 0;
		};
		4F3426BA2D5F797A00A26859 /* Resources */ = {
			isa = PBXResourcesBuildPhase;
			buildActionMask = 2147483647;
			files = (
			);
			runOnlyForDeploymentPostprocessing = 0;
		};
/* End PBXResourcesBuildPhase section */

/* Begin PBXSourcesBuildPhase section */
		4F3426992D5F797900A26859 /* Sources */ = {
			isa = PBXSourcesBuildPhase;
			buildActionMask = 2147483647;
			files = (
			);
			runOnlyForDeploymentPostprocessing = 0;
		};
		4F3426AE2D5F797A00A26859 /* Sources */ = {
			isa = PBXSourcesBuildPhase;
			buildActionMask = 2147483647;
			files = (
			);
			runOnlyForDeploymentPostprocessing = 0;
		};
		4F3426B82D5F797A00A26859 /* Sources */ = {
			isa = PBXSourcesBuildPhase;
			buildActionMask = 2147483647;
			files = (
			);
			runOnlyForDeploymentPostprocessing = 0;
		};
/* End PBXSourcesBuildPhase section */

/* Begin PBXTargetDependency section */
		4F3426B42D5F797A00A26859 /* PBXTargetDependency */ = {
			isa = PBXTargetDependency;
			target = 4F34269C2D5F797900A26859 /* AdvancedToDoApp */;
			targetProxy = 4F3426B32D5F797A00A26859 /* PBXContainerItemProxy */;
		};
		4F3426BE2D5F797A00A26859 /* PBXTargetDependency */ = {
			isa = PBXTargetDependency;
			target = 4F34269C2D5F797900A26859 /* AdvancedToDoApp */;
			targetProxy = 4F3426BD2D5F797A00A26859 /* PBXContainerItemProxy */;
		};
/* End PBXTargetDependency section */

/* Begin XCBuildConfiguration section */
		4F3426C42D5F797A00A26859 /* Debug */ = {
			isa = XCBuildConfiguration;
			buildSettings = {
				ALWAYS_SEARCH_USER_PATHS = NO;
				ASSETCATALOG_COMPILER_GENERATE_SWIFT_ASSET_SYMBOL_EXTENSIONS = YES;
				CLANG_ANALYZER_NONNULL = YES;
				CLANG_ANALYZER_NUMBER_OBJECT_CONVERSION = YES_AGGRESSIVE;
				CLANG_CXX_LANGUAGE_STANDARD = "gnu++20";
				CLANG_ENABLE_MODULES = YES;
				CLANG_ENABLE_OBJC_ARC = YES;
				CLANG_ENABLE_OBJC_WEAK = YES;
				CLANG_WARN_BLOCK_CAPTURE_AUTORELEASING = YES;
				CLANG_WARN_BOOL_CONVERSION = YES;
				CLANG_WARN_COMMA = YES;
				CLANG_WARN_CONSTANT_CONVERSION = YES;
				CLANG_WARN_DEPRECATED_OBJC_IMPLEMENTATIONS = YES;
				CLANG_WARN_DIRECT_OBJC_ISA_USAGE = YES_ERROR;
				CLANG_WARN_DOCUMENTATION_COMMENTS = YES;
				CLANG_WARN_EMPTY_BODY = YES;
				CLANG_WARN_ENUM_CONVERSION = YES;
				CLANG_WARN_INFINITE_RECURSION = YES;
				CLANG_WARN_INT_CONVERSION = YES;
				CLANG_WARN_NON_LITERAL_NULL_CONVERSION = YES;
				CLANG_WARN_OBJC_IMPLICIT_RETAIN_SELF = YES;
				CLANG_WARN_OBJC_LITERAL_CONVERSION = YES;
				CLANG_WARN_OBJC_ROOT_CLASS = YES_ERROR;
				CLANG_WARN_QUOTED_INCLUDE_IN_FRAMEWORK_HEADER = YES;
				CLANG_WARN_RANGE_LOOP_ANALYSIS = YES;
				CLANG_WARN_STRICT_PROTOTYPES = YES;
				CLANG_WARN_SUSPICIOUS_MOVE = YES;
				CLANG_WARN_UNGUARDED_AVAILABILITY = YES_AGGRESSIVE;
				CLANG_WARN_UNREACHABLE_CODE = YES;
				CLANG_WARN__DUPLICATE_METHOD_MATCH = YES;
				COPY_PHASE_STRIP = NO;
				DEBUG_INFORMATION_FORMAT = dwarf;
				ENABLE_STRICT_OBJC_MSGSEND = YES;
				ENABLE_TESTABILITY = YES;
				ENABLE_USER_SCRIPT_SANDBOXING = YES;
				GCC_C_LANGUAGE_STANDARD = gnu17;
				GCC_DYNAMIC_NO_PIC = NO;
				GCC_NO_COMMON_BLOCKS = YES;
				GCC_OPTIMIZATION_LEVEL = 0;
				GCC_PREPROCESSOR_DEFINITIONS = (
					"DEBUG=1",
					"$(inherited)",
				);
				GCC_WARN_64_TO_32_BIT_CONVERSION = YES;
				GCC_WARN_ABOUT_RETURN_TYPE = YES_ERROR;
				GCC_WARN_UNDECLARED_SELECTOR = YES;
				GCC_WARN_UNINITIALIZED_AUTOS = YES_AGGRESSIVE;
				GCC_WARN_UNUSED_FUNCTION = YES;
				GCC_WARN_UNUSED_VARIABLE = YES;
				IPHONEOS_DEPLOYMENT_TARGET = 18.2;
				LOCALIZATION_PREFERS_STRING_CATALOGS = YES;
				MTL_ENABLE_DEBUG_INFO = INCLUDE_SOURCE;
				MTL_FAST_MATH = YES;
				ONLY_ACTIVE_ARCH = YES;
				SDKROOT = iphoneos;
				SWIFT_ACTIVE_COMPILATION_CONDITIONS = "DEBUG $(inherited)";
				SWIFT_OPTIMIZATION_LEVEL = "-Onone";
			};
			name = Debug;
		};
		4F3426C52D5F797A00A26859 /* Release */ = {
			isa = XCBuildConfiguration;
			buildSettings = {
				ALWAYS_SEARCH_USER_PATHS = NO;
				ASSETCATALOG_COMPILER_GENERATE_SWIFT_ASSET_SYMBOL_EXTENSIONS = YES;
				CLANG_ANALYZER_NONNULL = YES;
				CLANG_ANALYZER_NUMBER_OBJECT_CONVERSION = YES_AGGRESSIVE;
				CLANG_CXX_LANGUAGE_STANDARD = "gnu++20";
				CLANG_ENABLE_MODULES = YES;
				CLANG_ENABLE_OBJC_ARC = YES;
				CLANG_ENABLE_OBJC_WEAK = YES;
				CLANG_WARN_BLOCK_CAPTURE_AUTORELEASING = YES;
				CLANG_WARN_BOOL_CONVERSION = YES;
				CLANG_WARN_COMMA = YES;
				CLANG_WARN_CONSTANT_CONVERSION = YES;
				CLANG_WARN_DEPRECATED_OBJC_IMPLEMENTATIONS = YES;
				CLANG_WARN_DIRECT_OBJC_ISA_USAGE = YES_ERROR;
				CLANG_WARN_DOCUMENTATION_COMMENTS = YES;
				CLANG_WARN_EMPTY_BODY = YES;
				CLANG_WARN_ENUM_CONVERSION = YES;
				CLANG_WARN_INFINITE_RECURSION = YES;
				CLANG_WARN_INT_CONVERSION = YES;
				CLANG_WARN_NON_LITERAL_NULL_CONVERSION = YES;
				CLANG_WARN_OBJC_IMPLICIT_RETAIN_SELF = YES;
				CLANG_WARN_OBJC_LITERAL_CONVERSION = YES;
				CLANG_WARN_OBJC_ROOT_CLASS = YES_ERROR;
				CLANG_WARN_QUOTED_INCLUDE_IN_FRAMEWORK_HEADER = YES;
				CLANG_WARN_RANGE_LOOP_ANALYSIS = YES;
				CLANG_WARN_STRICT_PROTOTYPES = YES;
				CLANG_WARN_SUSPICIOUS_MOVE = YES;
				CLANG_WARN_UNGUARDED_AVAILABILITY = YES_AGGRESSIVE;
				CLANG_WARN_UNREACHABLE_CODE = YES;
				CLANG_WARN__DUPLICATE_METHOD_MATCH = YES;
				COPY_PHASE_STRIP = NO;
				DEBUG_INFORMATION_FORMAT = "dwarf-with-dsym";
				ENABLE_NS_ASSERTIONS = NO;
				ENABLE_STRICT_OBJC_MSGSEND = YES;
				ENABLE_USER_SCRIPT_SANDBOXING = YES;
				GCC_C_LANGUAGE_STANDARD = gnu17;
				GCC_NO_COMMON_BLOCKS = YES;
				GCC_WARN_64_TO_32_BIT_CONVERSION = YES;
				GCC_WARN_ABOUT_RETURN_TYPE = YES_ERROR;
				GCC_WARN_UNDECLARED_SELECTOR = YES;
				GCC_WARN_UNINITIALIZED_AUTOS = YES_AGGRESSIVE;
				GCC_WARN_UNUSED_FUNCTION = YES;
				GCC_WARN_UNUSED_VARIABLE = YES;
				IPHONEOS_DEPLOYMENT_TARGET = 18.2;
				LOCALIZATION_PREFERS_STRING_CATALOGS = YES;
				MTL_ENABLE_DEBUG_INFO = NO;
				MTL_FAST_MATH = YES;
				SDKROOT = iphoneos;
				SWIFT_COMPILATION_MODE = wholemodule;
				VALIDATE_PRODUCT = YES;
			};
			name = Release;
		};
		4F3426C72D5F797A00A26859 /* Debug */ = {
			isa = XCBuildConfiguration;
			buildSettings = {
				ASSETCATALOG_COMPILER_APPICON_NAME = AppIcon;
				ASSETCATALOG_COMPILER_GLOBAL_ACCENT_COLOR_NAME = AccentColor;
				CODE_SIGN_STYLE = Automatic;
				CURRENT_PROJECT_VERSION = 1;
				DEVELOPMENT_ASSET_PATHS = "\"AdvancedToDoApp/Preview Content\"";
				ENABLE_PREVIEWS = YES;
				GENERATE_INFOPLIST_FILE = YES;
				INFOPLIST_FILE = AdvancedToDoApp/Info.plist;
				INFOPLIST_KEY_NSMicrophoneUsageDescription = "";
				INFOPLIST_KEY_NSSpeechRecognitionUsageDescription = "";
				INFOPLIST_KEY_UIApplicationSceneManifest_Generation = YES;
				INFOPLIST_KEY_UIApplicationSupportsIndirectInputEvents = YES;
				INFOPLIST_KEY_UILaunchScreen_Generation = YES;
				INFOPLIST_KEY_UISupportedInterfaceOrientations_iPad = "UIInterfaceOrientationPortrait UIInterfaceOrientationPortraitUpsideDown UIInterfaceOrientationLandscapeLeft UIInterfaceOrientationLandscapeRight";
				INFOPLIST_KEY_UISupportedInterfaceOrientations_iPhone = "UIInterfaceOrientationPortrait UIInterfaceOrientationLandscapeLeft UIInterfaceOrientationLandscapeRight";
				LD_RUNPATH_SEARCH_PATHS = (
					"$(inherited)",
					"@executable_path/Frameworks",
				);
				MARKETING_VERSION = 1.0;
				PRODUCT_BUNDLE_IDENTIFIER = ca.georgebrown.comp3097.AdvancedToDoApp;
				PRODUCT_NAME = "$(TARGET_NAME)";
				SWIFT_EMIT_LOC_STRINGS = YES;
				SWIFT_VERSION = 5.0;
				TARGETED_DEVICE_FAMILY = "1,2";
			};
			name = Debug;
		};
		4F3426C82D5F797A00A26859 /* Release */ = {
			isa = XCBuildConfiguration;
			buildSettings = {
				ASSETCATALOG_COMPILER_APPICON_NAME = AppIcon;
				ASSETCATALOG_COMPILER_GLOBAL_ACCENT_COLOR_NAME = AccentColor;
				CODE_SIGN_STYLE = Automatic;
				CURRENT_PROJECT_VERSION = 1;
				DEVELOPMENT_ASSET_PATHS = "\"AdvancedToDoApp/Preview Content\"";
				ENABLE_PREVIEWS = YES;
				GENERATE_INFOPLIST_FILE = YES;
				INFOPLIST_FILE = AdvancedToDoApp/Info.plist;
				INFOPLIST_KEY_NSMicrophoneUsageDescription = "";
				INFOPLIST_KEY_NSSpeechRecognitionUsageDescription = "";
				INFOPLIST_KEY_UIApplicationSceneManifest_Generation = YES;
				INFOPLIST_KEY_UIApplicationSupportsIndirectInputEvents = YES;
				INFOPLIST_KEY_UILaunchScreen_Generation = YES;
				INFOPLIST_KEY_UISupportedInterfaceOrientations_iPad = "UIInterfaceOrientationPortrait UIInterfaceOrientationPortraitUpsideDown UIInterfaceOrientationLandscapeLeft UIInterfaceOrientationLandscapeRight";
				INFOPLIST_KEY_UISupportedInterfaceOrientations_iPhone = "UIInterfaceOrientationPortrait UIInterfaceOrientationLandscapeLeft UIInterfaceOrientationLandscapeRight";
				LD_RUNPATH_SEARCH_PATHS = (
					"$(inherited)",
					"@executable_path/Frameworks",
				);
				MARKETING_VERSION = 1.0;
				PRODUCT_BUNDLE_IDENTIFIER = ca.georgebrown.comp3097.AdvancedToDoApp;
				PRODUCT_NAME = "$(TARGET_NAME)";
				SWIFT_EMIT_LOC_STRINGS = YES;
				SWIFT_VERSION = 5.0;
				TARGETED_DEVICE_FAMILY = "1,2";
			};
			name = Release;
		};
		4F3426CA2D5F797A00A26859 /* Debug */ = {
			isa = XCBuildConfiguration;
			buildSettings = {
				BUNDLE_LOADER = "$(TEST_HOST)";
				CODE_SIGN_STYLE = Automatic;
				CURRENT_PROJECT_VERSION = 1;
				GENERATE_INFOPLIST_FILE = YES;
				IPHONEOS_DEPLOYMENT_TARGET = 18.2;
				MARKETING_VERSION = 1.0;
				PRODUCT_BUNDLE_IDENTIFIER = ca.georgebrown.comp3097.AdvancedToDoAppTests;
				PRODUCT_NAME = "$(TARGET_NAME)";
				SWIFT_EMIT_LOC_STRINGS = NO;
				SWIFT_VERSION = 5.0;
				TARGETED_DEVICE_FAMILY = "1,2";
				TEST_HOST = "$(BUILT_PRODUCTS_DIR)/AdvancedToDoApp.app/$(BUNDLE_EXECUTABLE_FOLDER_PATH)/AdvancedToDoApp";
			};
			name = Debug;
		};
		4F3426CB2D5F797A00A26859 /* Release */ = {
			isa = XCBuildConfiguration;
			buildSettings = {
				BUNDLE_LOADER = "$(TEST_HOST)";
				CODE_SIGN_STYLE = Automatic;
				CURRENT_PROJECT_VERSION = 1;
				GENERATE_INFOPLIST_FILE = YES;
				IPHONEOS_DEPLOYMENT_TARGET = 18.2;
				MARKETING_VERSION = 1.0;
				PRODUCT_BUNDLE_IDENTIFIER = ca.georgebrown.comp3097.AdvancedToDoAppTests;
				PRODUCT_NAME = "$(TARGET_NAME)";
				SWIFT_EMIT_LOC_STRINGS = NO;
				SWIFT_VERSION = 5.0;
				TARGETED_DEVICE_FAMILY = "1,2";
				TEST_HOST = "$(BUILT_PRODUCTS_DIR)/AdvancedToDoApp.app/$(BUNDLE_EXECUTABLE_FOLDER_PATH)/AdvancedToDoApp";
			};
			name = Release;
		};
		4F3426CD2D5F797A00A26859 /* Debug */ = {
			isa = XCBuildConfiguration;
			buildSettings = {
				CODE_SIGN_STYLE = Automatic;
				CURRENT_PROJECT_VERSION = 1;
				GENERATE_INFOPLIST_FILE = YES;
				MARKETING_VERSION = 1.0;
				PRODUCT_BUNDLE_IDENTIFIER = ca.georgebrown.comp3097.AdvancedToDoAppUITests;
				PRODUCT_NAME = "$(TARGET_NAME)";
				SWIFT_EMIT_LOC_STRINGS = NO;
				SWIFT_VERSION = 5.0;
				TARGETED_DEVICE_FAMILY = "1,2";
				TEST_TARGET_NAME = AdvancedToDoApp;
			};
			name = Debug;
		};
		4F3426CE2D5F797A00A26859 /* Release */ = {
			isa = XCBuildConfiguration;
			buildSettings = {
				CODE_SIGN_STYLE = Automatic;
				CURRENT_PROJECT_VERSION = 1;
				GENERATE_INFOPLIST_FILE = YES;
				MARKETING_VERSION = 1.0;
				PRODUCT_BUNDLE_IDENTIFIER = ca.georgebrown.comp3097.AdvancedToDoAppUITests;
				PRODUCT_NAME = "$(TARGET_NAME)";
				SWIFT_EMIT_LOC_STRINGS = NO;
				SWIFT_VERSION = 5.0;
				TARGETED_DEVICE_FAMILY = "1,2";
				TEST_TARGET_NAME = AdvancedToDoApp;
			};
			name = Release;
		};
/* End XCBuildConfiguration section */

/* Begin XCConfigurationList section */
		4F3426982D5F797900A26859 /* Build configuration list for PBXProject "AdvancedToDoApp" */ = {
			isa = XCConfigurationList;
			buildConfigurations = (
				4F3426C42D5F797A00A26859 /* Debug */,
				4F3426C52D5F797A00A26859 /* Release */,
			);
			defaultConfigurationIsVisible = 0;
			defaultConfigurationName = Release;
		};
		4F3426C62D5F797A00A26859 /* Build configuration list for PBXNativeTarget "AdvancedToDoApp" */ = {
			isa = XCConfigurationList;
			buildConfigurations = (
				4F3426C72D5F797A00A26859 /* Debug */,
				4F3426C82D5F797A00A26859 /* Release */,
			);
			defaultConfigurationIsVisible = 0;
			defaultConfigurationName = Release;
		};
		4F3426C92D5F797A00A26859 /* Build configuration list for PBXNativeTarget "AdvancedToDoAppTests" */ = {
			isa = XCConfigurationList;
			buildConfigurations = (
				4F3426CA2D5F797A00A26859 /* Debug */,
				4F3426CB2D5F797A00A26859 /* Release */,
			);
			defaultConfigurationIsVisible = 0;
			defaultConfigurationName = Release;
		};
		4F3426CC2D5F797A00A26859 /* Build configuration list for PBXNativeTarget "AdvancedToDoAppUITests" */ = {
			isa = XCConfigurationList;
			buildConfigurations = (
				4F3426CD2D5F797A00A26859 /* Debug */,
				4F3426CE2D5F797A00A26859 /* Release */,
			);
			defaultConfigurationIsVisible = 0;
			defaultConfigurationName = Release;
		};
/* End XCConfigurationList section */
	};
	rootObject = 4F3426952D5F797900A26859 /* Project object */;
}
